# Generated by pub
# See https://dart.dev/tools/pub/glossary#lockfile
packages:
  app_links:
    dependency: "direct main"
    description:
      name: app_links
      sha256: "16725e716afd0634a5441654b1dda2b6c5557aa230884b5e1f41a5aa546a4cb6"
      url: "https://pub.dev"
    source: hosted
    version: "3.4.3"
  archive:
    dependency: transitive
    description:
      name: archive
      sha256: cb6a278ef2dbb298455e1a713bda08524a175630ec643a242c399c932a0a1f7d
      url: "https://pub.dev"
    source: hosted
    version: "3.6.1"
  args:
    dependency: transitive
    description:
      name: args
      sha256: "7cf60b9f0cc88203c5a190b4cd62a99feea42759a7fa695010eb5de1c0b2252a"
      url: "https://pub.dev"
    source: hosted
    version: "2.5.0"
  async:
    dependency: transitive
    description:
      name: async
      sha256: "947bfcf187f74dbc5e146c9eb9c0f10c9f8b30743e341481c1e2ed3ecc18c20c"
      url: "https://pub.dev"
    source: hosted
    version: "2.11.0"
  barcode:
    dependency: transitive
    description:
      name: barcode
      sha256: ab180ce22c6555d77d45f0178a523669db67f95856e3378259ef2ffeb43e6003
      url: "https://pub.dev"
    source: hosted
    version: "2.2.8"
  bidi:
    dependency: transitive
    description:
      name: bidi
      sha256: "9a712c7ddf708f7c41b1923aa83648a3ed44cfd75b04f72d598c45e5be287f9d"
      url: "https://pub.dev"
    source: hosted
    version: "2.0.12"
  boolean_selector:
    dependency: transitive
    description:
      name: boolean_selector
      sha256: "6cfb5af12253eaf2b368f07bacc5a80d1301a071c73360d746b7f2e32d762c66"
      url: "https://pub.dev"
    source: hosted
    version: "2.1.1"
  characters:
    dependency: transitive
    description:
      name: characters
      sha256: "04a925763edad70e8443c99234dc3328f442e811f1d8fd1a72f1c8ad0f69a605"
      url: "https://pub.dev"
    source: hosted
    version: "1.3.0"
  clock:
    dependency: transitive
    description:
      name: clock
      sha256: cb6d7f03e1de671e34607e909a7213e31d7752be4fb66a86d29fe1eb14bfb5cf
      url: "https://pub.dev"
    source: hosted
    version: "1.1.1"
  collection:
    dependency: "direct main"
    description:
      name: collection
      sha256: ee67cb0715911d28db6bf4af1026078bd6f0128b07a5f66fb2ed94ec6783c09a
      url: "https://pub.dev"
    source: hosted
    version: "1.18.0"
  convert:
    dependency: transitive
    description:
      name: convert
      sha256: "0f08b14755d163f6e2134cb58222dd25ea2a2ee8a195e53983d57c075324d592"
      url: "https://pub.dev"
    source: hosted
    version: "3.1.1"
  cookie_jar:
    dependency: "direct main"
    description:
      name: cookie_jar
      sha256: a6ac027d3ed6ed756bfce8f3ff60cb479e266f3b0fdabd6242b804b6765e52de
      url: "https://pub.dev"
    source: hosted
    version: "4.0.8"
  cross_file:
    dependency: transitive
    description:
      name: cross_file
      sha256: "7caf6a750a0c04effbb52a676dce9a4a592e10ad35c34d6d2d0e4811160d5670"
      url: "https://pub.dev"
    source: hosted
    version: "0.3.4+2"
  crypto:
    dependency: "direct main"
    description:
      name: crypto
      sha256: ec30d999af904f33454ba22ed9a86162b35e52b44ac4807d1d93c288041d7d27
      url: "https://pub.dev"
    source: hosted
    version: "3.0.5"
  csslib:
    dependency: transitive
    description:
      name: csslib
      sha256: "706b5707578e0c1b4b7550f64078f0a0f19dec3f50a178ffae7006b0a9ca58fb"
      url: "https://pub.dev"
    source: hosted
    version: "1.0.0"
  dbus:
    dependency: transitive
    description:
      name: dbus
      sha256: "365c771ac3b0e58845f39ec6deebc76e3276aa9922b0cc60840712094d9047ac"
      url: "https://pub.dev"
    source: hosted
    version: "0.7.10"
  dio:
    dependency: "direct main"
    description:
      name: dio
      sha256: "49af28382aefc53562459104f64d16b9dfd1e8ef68c862d5af436cc8356ce5a8"
      url: "https://pub.dev"
    source: hosted
    version: "5.4.1"
  dio_cookie_manager:
    dependency: "direct main"
    description:
      name: dio_cookie_manager
      sha256: e79498b0f632897ff0c28d6e8178b4bc6e9087412401f618c31fa0904ace050d
      url: "https://pub.dev"
    source: hosted
    version: "3.1.1"
  dio_http2_adapter:
    dependency: "direct main"
    description:
      name: dio_http2_adapter
      sha256: "3d81128cf389649ae6ac5cce23bcf5f9b254882b7f27185ca3b0d443ee9b825c"
      url: "https://pub.dev"
    source: hosted
    version: "2.3.1+1"
  dynamic_color:
    dependency: "direct main"
    description:
      name: dynamic_color
      sha256: eae98052fa6e2826bdac3dd2e921c6ce2903be15c6b7f8b6d8a5d49b5086298d
      url: "https://pub.dev"
    source: hosted
    version: "1.7.0"
  fake_async:
    dependency: transitive
    description:
      name: fake_async
      sha256: "511392330127add0b769b75a987850d136345d9227c6b94c96a04cf4a391bf78"
      url: "https://pub.dev"
    source: hosted
    version: "1.3.1"
  ffi:
    dependency: transitive
    description:
      name: ffi
      sha256: "16ed7b077ef01ad6170a3d0c57caa4a112a38d7a2ed5602e0aca9ca6f3d98da6"
      url: "https://pub.dev"
    source: hosted
    version: "2.1.3"
  file:
    dependency: transitive
    description:
      name: file
      sha256: "5fc22d7c25582e38ad9a8515372cd9a93834027aacf1801cf01164dac0ffa08c"
      url: "https://pub.dev"
    source: hosted
    version: "7.0.0"
  file_selector:
    dependency: "direct main"
    description:
      name: file_selector
      sha256: "5019692b593455127794d5718304ff1ae15447dea286cdda9f0db2a796a1b828"
      url: "https://pub.dev"
    source: hosted
    version: "1.0.3"
  file_selector_android:
    dependency: transitive
    description:
      name: file_selector_android
      sha256: b8c9717a0177ca6fa035554b82cd6c83b838ddc66b7704eb6df0f77f027ecc90
      url: "https://pub.dev"
    source: hosted
    version: "0.5.1+7"
  file_selector_ios:
    dependency: transitive
    description:
      name: file_selector_ios
      sha256: "38ebf91ecbcfa89a9639a0854ccaed8ab370c75678938eebca7d34184296f0bb"
      url: "https://pub.dev"
    source: hosted
    version: "0.5.3"
  file_selector_linux:
    dependency: transitive
    description:
      name: file_selector_linux
      sha256: "045d372bf19b02aeb69cacf8b4009555fb5f6f0b7ad8016e5f46dd1387ddd492"
      url: "https://pub.dev"
    source: hosted
    version: "0.9.2+1"
  file_selector_macos:
    dependency: transitive
    description:
      name: file_selector_macos
      sha256: f42eacb83b318e183b1ae24eead1373ab1334084404c8c16e0354f9a3e55d385
      url: "https://pub.dev"
    source: hosted
    version: "0.9.4"
  file_selector_platform_interface:
    dependency: transitive
    description:
      name: file_selector_platform_interface
      sha256: a3994c26f10378a039faa11de174d7b78eb8f79e4dd0af2a451410c1a5c3f66b
      url: "https://pub.dev"
    source: hosted
    version: "2.6.2"
  file_selector_web:
    dependency: transitive
    description:
      name: file_selector_web
      sha256: c4c0ea4224d97a60a7067eca0c8fd419e708ff830e0c83b11a48faf566cec3e7
      url: "https://pub.dev"
    source: hosted
    version: "0.9.4+2"
  file_selector_windows:
    dependency: transitive
    description:
      name: file_selector_windows
      sha256: "2ad726953f6e8affbc4df8dc78b77c3b4a060967a291e528ef72ae846c60fb69"
      url: "https://pub.dev"
    source: hosted
    version: "0.9.3+2"
  flutter:
    dependency: "direct main"
    description: flutter
    source: sdk
    version: "0.0.0"
  flutter_displaymode:
    dependency: "direct main"
    description:
      name: flutter_displaymode
      sha256: "42c5e9abd13d28ed74f701b60529d7f8416947e58256e6659c5550db719c57ef"
      url: "https://pub.dev"
    source: hosted
    version: "0.6.0"
  flutter_file_dialog:
    dependency: "direct main"
    description:
      name: flutter_file_dialog
      sha256: "5a1507833473b38839056d63c5125750a6d12e904f78131324fa4632504de513"
      url: "https://pub.dev"
    source: hosted
    version: "3.0.1"
  flutter_inappwebview:
    dependency: "direct main"
    description:
      name: flutter_inappwebview
      sha256: "3e9a443a18ecef966fb930c3a76ca5ab6a7aafc0c7b5e14a4a850cf107b09959"
      url: "https://pub.dev"
    source: hosted
    version: "6.0.0"
  flutter_inappwebview_android:
    dependency: "direct overridden"
    description:
      path: flutter_inappwebview_android
      ref: d89b1d32638b49dfc58c4b7c84153be0c269d057
      resolved-ref: d89b1d32638b49dfc58c4b7c84153be0c269d057
      url: "https://github.com/holzgeist/flutter_inappwebview"
    source: git
    version: "1.0.13"
  flutter_inappwebview_internal_annotations:
    dependency: transitive
    description:
      name: flutter_inappwebview_internal_annotations
      sha256: "5f80fd30e208ddded7dbbcd0d569e7995f9f63d45ea3f548d8dd4c0b473fb4c8"
      url: "https://pub.dev"
    source: hosted
    version: "1.1.1"
  flutter_inappwebview_ios:
    dependency: transitive
    description:
      name: flutter_inappwebview_ios
      sha256: f363577208b97b10b319cd0c428555cd8493e88b468019a8c5635a0e4312bd0f
      url: "https://pub.dev"
    source: hosted
    version: "1.0.13"
  flutter_inappwebview_macos:
    dependency: transitive
    description:
      name: flutter_inappwebview_macos
      sha256: b55b9e506c549ce88e26580351d2c71d54f4825901666bd6cfa4be9415bb2636
      url: "https://pub.dev"
    source: hosted
    version: "1.0.11"
  flutter_inappwebview_platform_interface:
    dependency: transitive
    description:
      name: flutter_inappwebview_platform_interface
      sha256: "545fd4c25a07d2775f7d5af05a979b2cac4fbf79393b0a7f5d33ba39ba4f6187"
      url: "https://pub.dev"
    source: hosted
    version: "1.0.10"
  flutter_inappwebview_web:
    dependency: transitive
    description:
      name: flutter_inappwebview_web
      sha256: d8c680abfb6fec71609a700199635d38a744df0febd5544c5a020bd73de8ee07
      url: "https://pub.dev"
    source: hosted
    version: "1.0.8"
  flutter_lints:
    dependency: "direct dev"
    description:
      name: flutter_lints
      sha256: a25a15ebbdfc33ab1cd26c63a6ee519df92338a9c10f122adda92938253bef04
      url: "https://pub.dev"
    source: hosted
    version: "2.0.3"
  flutter_local_notifications:
    dependency: "direct main"
    description:
      name: flutter_local_notifications
      sha256: c500d5d9e7e553f06b61877ca6b9c8b92c570a4c8db371038702e8ce57f8a50f
      url: "https://pub.dev"
    source: hosted
    version: "17.2.2"
  flutter_local_notifications_linux:
    dependency: transitive
    description:
      name: flutter_local_notifications_linux
      sha256: c49bd06165cad9beeb79090b18cd1eb0296f4bf4b23b84426e37dd7c027fc3af
      url: "https://pub.dev"
    source: hosted
    version: "4.0.1"
  flutter_local_notifications_platform_interface:
    dependency: transitive
    description:
      name: flutter_local_notifications_platform_interface
      sha256: "85f8d07fe708c1bdcf45037f2c0109753b26ae077e9d9e899d55971711a4ea66"
      url: "https://pub.dev"
    source: hosted
    version: "7.2.0"
  flutter_localizations:
    dependency: "direct main"
    description: flutter
    source: sdk
    version: "0.0.0"
  flutter_plugin_android_lifecycle:
    dependency: transitive
    description:
      name: flutter_plugin_android_lifecycle
      sha256: "9d98bd47ef9d34e803d438f17fd32b116d31009f534a6fa5ce3a1167f189a6de"
      url: "https://pub.dev"
    source: hosted
    version: "2.0.21"
  flutter_qjs:
    dependency: "direct main"
    description:
      path: "."
      ref: ade0b9d
      resolved-ref: ade0b9d67331118c13a2b836684858e251512373
      url: "https://github.com/wgh136/flutter_qjs"
    source: git
    version: "0.3.7"
  flutter_reorderable_grid_view:
    dependency: "direct main"
    description:
      name: flutter_reorderable_grid_view
      sha256: "40abcc5bff228ebff119326502e7357ee6399956b60b80b17385e9770b7458c0"
      url: "https://pub.dev"
    source: hosted
    version: "5.0.1"
  flutter_test:
    dependency: "direct dev"
    description: flutter
    source: sdk
    version: "0.0.0"
  flutter_web_plugins:
    dependency: transitive
    description: flutter
    source: sdk
    version: "0.0.0"
  flutter_windows_webview:
    dependency: "direct main"
    description:
      path: "."
      ref: "8673cc31"
      resolved-ref: "8673cc315b569ddba37527d9d5414ea9c5a0954f"
      url: "https://github.com/wgh136/flutter_windows_webview"
    source: git
    version: "0.0.1"
  html:
    dependency: "direct main"
    description:
      name: html
      sha256: "3a7812d5bcd2894edf53dfaf8cd640876cf6cef50a8f238745c8b8120ea74d3a"
      url: "https://pub.dev"
    source: hosted
    version: "0.15.4"
  http:
    dependency: transitive
    description:
      name: http
      sha256: b9c29a161230ee03d3ccf545097fccd9b87a5264228c5d348202e0f0c28f9010
      url: "https://pub.dev"
    source: hosted
    version: "1.2.2"
  http2:
    dependency: transitive
    description:
      name: http2
      sha256: "9ced024a160b77aba8fb8674e38f70875e321d319e6f303ec18e87bd5a4b0c1d"
      url: "https://pub.dev"
    source: hosted
    version: "2.3.0"
  http_parser:
    dependency: transitive
    description:
      name: http_parser
      sha256: "2aa08ce0341cc9b354a498388e30986515406668dbcc4f7c950c3e715496693b"
      url: "https://pub.dev"
    source: hosted
    version: "4.0.2"
  image:
    dependency: "direct main"
    description:
      name: image
      sha256: "6e703d5e2f8c63fb31a77753915c1ec8baebde8088844e0d29f71b8f0b108888"
      url: "https://pub.dev"
    source: hosted
    version: "4.1.0"
  image_gallery_saver:
    dependency: "direct main"
    description:
      path: "."
      ref: master
      resolved-ref: "3f8c4d2cc41002d3ffdb770cab3b62583326ce01"
      url: "https://github.com/wgh136/image_gallery_saver"
    source: git
    version: "2.0.0"
  image_picker:
    dependency: "direct main"
    description:
      name: image_picker
      sha256: "021834d9c0c3de46bf0fe40341fa07168407f694d9b2bb18d532dc1261867f7a"
      url: "https://pub.dev"
    source: hosted
    version: "1.1.2"
  image_picker_android:
    dependency: transitive
    description:
      name: image_picker_android
      sha256: c0a6763d50b354793d0192afd0a12560b823147d3ded7c6b77daf658fa05cc85
      url: "https://pub.dev"
    source: hosted
    version: "0.8.12+13"
  image_picker_for_web:
    dependency: transitive
    description:
      name: image_picker_for_web
      sha256: "65d94623e15372c5c51bebbcb820848d7bcb323836e12dfdba60b5d3a8b39e50"
      url: "https://pub.dev"
    source: hosted
    version: "3.0.5"
  image_picker_ios:
    dependency: transitive
    description:
      name: image_picker_ios
      sha256: "6703696ad49f5c3c8356d576d7ace84d1faf459afb07accbb0fae780753ff447"
      url: "https://pub.dev"
    source: hosted
    version: "0.8.12"
  image_picker_linux:
    dependency: transitive
    description:
      name: image_picker_linux
      sha256: "4ed1d9bb36f7cd60aa6e6cd479779cc56a4cb4e4de8f49d487b1aaad831300fa"
      url: "https://pub.dev"
    source: hosted
    version: "0.2.1+1"
  image_picker_macos:
    dependency: transitive
    description:
      name: image_picker_macos
      sha256: "3f5ad1e8112a9a6111c46d0b57a7be2286a9a07fc6e1976fdf5be2bd31d4ff62"
      url: "https://pub.dev"
    source: hosted
    version: "0.2.1+1"
  image_picker_platform_interface:
    dependency: transitive
    description:
      name: image_picker_platform_interface
      sha256: "9ec26d410ff46f483c5519c29c02ef0e02e13a543f882b152d4bfd2f06802f80"
      url: "https://pub.dev"
    source: hosted
    version: "2.10.0"
  image_picker_windows:
    dependency: transitive
    description:
      name: image_picker_windows
      sha256: "6ad07afc4eb1bc25f3a01084d28520496c4a3bb0cb13685435838167c9dcedeb"
      url: "https://pub.dev"
    source: hosted
    version: "0.2.1+1"
  intl:
    dependency: "direct main"
    description:
      name: intl
      sha256: d6f56758b7d3014a48af9701c085700aac781a92a87a62b1333b46d8879661cf
      url: "https://pub.dev"
    source: hosted
    version: "0.19.0"
  js:
    dependency: transitive
    description:
      name: js
      sha256: f2c445dce49627136094980615a031419f7f3eb393237e4ecd97ac15dea343f3
      url: "https://pub.dev"
    source: hosted
    version: "0.6.7"
  leak_tracker:
    dependency: transitive
    description:
      name: leak_tracker
      sha256: "3f87a60e8c63aecc975dda1ceedbc8f24de75f09e4856ea27daf8958f2f0ce05"
      url: "https://pub.dev"
    source: hosted
    version: "10.0.5"
  leak_tracker_flutter_testing:
    dependency: transitive
    description:
      name: leak_tracker_flutter_testing
      sha256: "932549fb305594d82d7183ecd9fa93463e9914e1b67cacc34bc40906594a1806"
      url: "https://pub.dev"
    source: hosted
    version: "3.0.5"
  leak_tracker_testing:
    dependency: transitive
    description:
      name: leak_tracker_testing
      sha256: "6ba465d5d76e67ddf503e1161d1f4a6bc42306f9d66ca1e8f079a47290fb06d3"
      url: "https://pub.dev"
    source: hosted
    version: "3.0.1"
  lints:
    dependency: transitive
    description:
      name: lints
      sha256: "0a217c6c989d21039f1498c3ed9f3ed71b354e69873f13a8dfc3c9fe76f1b452"
      url: "https://pub.dev"
    source: hosted
    version: "2.1.1"
  local_auth:
    dependency: "direct main"
    description:
      name: local_auth
      sha256: "434d854cf478f17f12ab29a76a02b3067f86a63a6d6c4eb8fbfdcfe4879c1b7b"
      url: "https://pub.dev"
    source: hosted
    version: "2.3.0"
  local_auth_android:
    dependency: transitive
    description:
      name: local_auth_android
      sha256: e9a3c321e94359a552b1bdd0f98f79885f2b3e27234d270f9bef5cd82b29340c
      url: "https://pub.dev"
    source: hosted
    version: "1.0.44"
  local_auth_darwin:
    dependency: transitive
    description:
      name: local_auth_darwin
      sha256: "7ba5738c874ca2b910d72385d00d2bebad9d4e807612936cf5e32bc01a048c71"
      url: "https://pub.dev"
    source: hosted
    version: "1.4.0"
  local_auth_platform_interface:
    dependency: transitive
    description:
      name: local_auth_platform_interface
      sha256: "1b842ff177a7068442eae093b64abe3592f816afd2a533c0ebcdbe40f9d2075a"
      url: "https://pub.dev"
    source: hosted
    version: "1.0.10"
  local_auth_windows:
    dependency: transitive
    description:
      name: local_auth_windows
      sha256: bc4e66a29b0fdf751aafbec923b5bed7ad6ed3614875d8151afe2578520b2ab5
      url: "https://pub.dev"
    source: hosted
    version: "1.0.11"
  matcher:
    dependency: transitive
    description:
      name: matcher
      sha256: d2323aa2060500f906aa31a895b4030b6da3ebdcc5619d14ce1aada65cd161cb
      url: "https://pub.dev"
    source: hosted
    version: "0.12.16+1"
  material_color_utilities:
    dependency: transitive
    description:
      name: material_color_utilities
      sha256: f7142bb1154231d7ea5f96bc7bde4bda2a0945d2806bb11670e30b850d56bdec
      url: "https://pub.dev"
    source: hosted
    version: "0.11.1"
  meta:
    dependency: transitive
    description:
      name: meta
      sha256: bdb68674043280c3428e9ec998512fb681678676b3c54e773629ffe74419f8c7
      url: "https://pub.dev"
    source: hosted
    version: "1.15.0"
  mime:
    dependency: "direct main"
    description:
      name: mime
      sha256: "2e123074287cc9fd6c09de8336dae606d1ddb88d9ac47358826db698c176a1f2"
      url: "https://pub.dev"
    source: hosted
    version: "1.0.5"
  path:
    dependency: transitive
    description:
      name: path
      sha256: "087ce49c3f0dc39180befefc60fdb4acd8f8620e5682fe2476afd0b3688bb4af"
      url: "https://pub.dev"
    source: hosted
    version: "1.9.0"
  path_parsing:
    dependency: transitive
    description:
      name: path_parsing
      sha256: e3e67b1629e6f7e8100b367d3db6ba6af4b1f0bb80f64db18ef1fbabd2fa9ccf
      url: "https://pub.dev"
    source: hosted
    version: "1.0.1"
  path_provider:
    dependency: "direct main"
    description:
      name: path_provider
      sha256: fec0d61223fba3154d87759e3cc27fe2c8dc498f6386c6d6fc80d1afdd1bf378
      url: "https://pub.dev"
    source: hosted
    version: "2.1.4"
  path_provider_android:
    dependency: transitive
    description:
      name: path_provider_android
      sha256: "6f01f8e37ec30b07bc424b4deabac37cacb1bc7e2e515ad74486039918a37eb7"
      url: "https://pub.dev"
    source: hosted
    version: "2.2.10"
  path_provider_foundation:
    dependency: transitive
    description:
      name: path_provider_foundation
      sha256: f234384a3fdd67f989b4d54a5d73ca2a6c422fa55ae694381ae0f4375cd1ea16
      url: "https://pub.dev"
    source: hosted
    version: "2.4.0"
  path_provider_linux:
    dependency: transitive
    description:
      name: path_provider_linux
      sha256: f7a1fe3a634fe7734c8d3f2766ad746ae2a2884abe22e241a8b301bf5cac3279
      url: "https://pub.dev"
    source: hosted
    version: "2.2.1"
  path_provider_platform_interface:
    dependency: transitive
    description:
      name: path_provider_platform_interface
      sha256: "88f5779f72ba699763fa3a3b06aa4bf6de76c8e5de842cf6f29e2e06476c2334"
      url: "https://pub.dev"
    source: hosted
    version: "2.1.2"
  path_provider_windows:
    dependency: transitive
    description:
      name: path_provider_windows
      sha256: bd6f00dbd873bfb70d0761682da2b3a2c2fccc2b9e84c495821639601d81afe7
      url: "https://pub.dev"
    source: hosted
    version: "2.3.0"
  pdf:
    dependency: "direct main"
    description:
      name: pdf
      sha256: "05df53f8791587402493ac97b9869d3824eccbc77d97855f4545cf72df3cae07"
      url: "https://pub.dev"
    source: hosted
    version: "3.11.1"
  petitparser:
    dependency: transitive
    description:
      name: petitparser
      sha256: c15605cd28af66339f8eb6fbe0e541bfe2d1b72d5825efc6598f3e0a31b9ad27
      url: "https://pub.dev"
    source: hosted
    version: "6.0.2"
  photo_view:
    dependency: "direct main"
    description:
      path: "."
      ref: "94724a0b"
      resolved-ref: "94724a0b7f94167fd1ae061f84e14ae04cae5c39"
      url: "https://github.com/wgh136/photo_view"
    source: git
    version: "0.14.0"
  platform:
    dependency: transitive
    description:
      name: platform
      sha256: "9b71283fc13df574056616011fb138fd3b793ea47cc509c189a6c3fa5f8a1a65"
      url: "https://pub.dev"
    source: hosted
    version: "3.1.5"
  plugin_platform_interface:
    dependency: transitive
    description:
      name: plugin_platform_interface
      sha256: "4820fbfdb9478b1ebae27888254d445073732dae3d6ea81f0b7e06d5dedc3f02"
      url: "https://pub.dev"
    source: hosted
    version: "2.1.8"
  pointycastle:
    dependency: "direct main"
    description:
      name: pointycastle
      sha256: "4be0097fcf3fd3e8449e53730c631200ebc7b88016acecab2b0da2f0149222fe"
      url: "https://pub.dev"
    source: hosted
    version: "3.9.1"
  qr:
    dependency: transitive
    description:
      name: qr
      sha256: "5a1d2586170e172b8a8c8470bbbffd5eb0cd38a66c0d77155ea138d3af3a4445"
      url: "https://pub.dev"
    source: hosted
    version: "3.0.2"
  screen_retriever:
    dependency: transitive
    description:
      name: screen_retriever
      sha256: "6ee02c8a1158e6dae7ca430da79436e3b1c9563c8cf02f524af997c201ac2b90"
      url: "https://pub.dev"
    source: hosted
    version: "0.1.9"
  share_plus:
    dependency: "direct main"
    description:
      name: share_plus
      sha256: "3ef39599b00059db0990ca2e30fca0a29d8b37aae924d60063f8e0184cf20900"
      url: "https://pub.dev"
    source: hosted
    version: "7.2.2"
  share_plus_platform_interface:
    dependency: transitive
    description:
      name: share_plus_platform_interface
      sha256: "251eb156a8b5fa9ce033747d73535bf53911071f8d3b6f4f0b578505ce0d4496"
      url: "https://pub.dev"
    source: hosted
    version: "3.4.0"
  shared_preferences:
    dependency: "direct main"
    description:
      name: shared_preferences
      sha256: "746e5369a43170c25816cc472ee016d3a66bc13fcf430c0bc41ad7b4b2922051"
      url: "https://pub.dev"
    source: hosted
    version: "2.3.2"
  shared_preferences_android:
    dependency: transitive
    description:
      name: shared_preferences_android
      sha256: a7e8467e9181cef109f601e3f65765685786c1a738a83d7fbbde377589c0d974
      url: "https://pub.dev"
    source: hosted
    version: "2.3.1"
  shared_preferences_foundation:
    dependency: transitive
    description:
      name: shared_preferences_foundation
      sha256: c4b35f6cb8f63c147312c054ce7c2254c8066745125264f0c88739c417fc9d9f
      url: "https://pub.dev"
    source: hosted
    version: "2.5.2"
  shared_preferences_linux:
    dependency: transitive
    description:
      name: shared_preferences_linux
      sha256: "580abfd40f415611503cae30adf626e6656dfb2f0cee8f465ece7b6defb40f2f"
      url: "https://pub.dev"
    source: hosted
    version: "2.4.1"
  shared_preferences_platform_interface:
    dependency: transitive
    description:
      name: shared_preferences_platform_interface
      sha256: "57cbf196c486bc2cf1f02b85784932c6094376284b3ad5779d1b1c6c6a816b80"
      url: "https://pub.dev"
    source: hosted
    version: "2.4.1"
  shared_preferences_web:
    dependency: transitive
    description:
      name: shared_preferences_web
      sha256: d2ca4132d3946fec2184261726b355836a82c33d7d5b67af32692aff18a4684e
      url: "https://pub.dev"
    source: hosted
    version: "2.4.2"
  shared_preferences_windows:
    dependency: transitive
    description:
      name: shared_preferences_windows
      sha256: "94ef0f72b2d71bc3e700e025db3710911bd51a71cefb65cc609dd0d9a982e3c1"
      url: "https://pub.dev"
    source: hosted
    version: "2.4.1"
  shimmer_animation:
    dependency: "direct main"
    description:
      name: shimmer_animation
      sha256: ddfeaf6833cef48e0dd31748f80ddcc14f44bd2cdf768d7449c83bd0c80613be
      url: "https://pub.dev"
    source: hosted
    version: "2.2.1"
  sky_engine:
    dependency: transitive
    description: flutter
    source: sdk
    version: "0.0.99"
  sliver_tools:
    dependency: "direct main"
    description:
      name: sliver_tools
      sha256: eae28220badfb9d0559207badcbbc9ad5331aac829a88cb0964d330d2a4636a6
      url: "https://pub.dev"
    source: hosted
    version: "0.2.12"
  source_span:
    dependency: transitive
    description:
      name: source_span
      sha256: "53e943d4206a5e30df338fd4c6e7a077e02254531b138a15aec3bd143c1a8b3c"
      url: "https://pub.dev"
    source: hosted
    version: "1.10.0"
  sqlite3:
    dependency: "direct main"
    description:
      name: sqlite3
      sha256: db65233e6b99e99b2548932f55a987961bc06d82a31a0665451fa0b4fff4c3fb
      url: "https://pub.dev"
    source: hosted
    version: "2.1.0"
  sqlite3_flutter_libs:
    dependency: "direct main"
    description:
      name: sqlite3_flutter_libs
      sha256: "62bbb4073edbcdf53f40c80775f33eea01d301b7b81417e5b3fb7395416258c1"
      url: "https://pub.dev"
    source: hosted
    version: "0.5.24"
  stack_trace:
    dependency: transitive
    description:
      name: stack_trace
      sha256: "73713990125a6d93122541237550ee3352a2d84baad52d375a4cad2eb9b7ce0b"
      url: "https://pub.dev"
    source: hosted
    version: "1.11.1"
  stream_channel:
    dependency: transitive
    description:
      name: stream_channel
      sha256: ba2aa5d8cc609d96bbb2899c28934f9e1af5cddbd60a827822ea467161eb54e7
      url: "https://pub.dev"
    source: hosted
    version: "2.1.2"
  string_scanner:
    dependency: transitive
    description:
      name: string_scanner
      sha256: "556692adab6cfa87322a115640c11f13cb77b3f076ddcc5d6ae3c20242bedcde"
      url: "https://pub.dev"
    source: hosted
    version: "1.2.0"
  term_glyph:
    dependency: transitive
    description:
      name: term_glyph
      sha256: a29248a84fbb7c79282b40b8c72a1209db169a2e0542bce341da992fe1bc7e84
      url: "https://pub.dev"
    source: hosted
    version: "1.2.1"
  test_api:
    dependency: transitive
    description:
      name: test_api
      sha256: "5b8a98dafc4d5c4c9c72d8b31ab2b23fc13422348d2997120294d3bac86b4ddb"
      url: "https://pub.dev"
    source: hosted
    version: "0.7.2"
  timezone:
    dependency: transitive
    description:
      name: timezone
      sha256: "2236ec079a174ce07434e89fcd3fcda430025eb7692244139a9cf54fdcf1fc7d"
      url: "https://pub.dev"
    source: hosted
    version: "0.9.4"
  typed_data:
    dependency: transitive
    description:
      name: typed_data
      sha256: facc8d6582f16042dd49f2463ff1bd6e2c9ef9f3d5da3d9b087e244a7b564b3c
      url: "https://pub.dev"
    source: hosted
    version: "1.3.2"
  universal_io:
    dependency: transitive
    description:
      name: universal_io
      sha256: "1722b2dcc462b4b2f3ee7d188dad008b6eb4c40bbd03a3de451d82c78bba9aad"
      url: "https://pub.dev"
    source: hosted
    version: "2.2.2"
  url_launcher:
    dependency: "direct main"
    description:
      name: url_launcher
      sha256: "21b704ce5fa560ea9f3b525b43601c678728ba46725bab9b01187b4831377ed3"
      url: "https://pub.dev"
    source: hosted
    version: "6.3.0"
  url_launcher_android:
    dependency: transitive
    description:
      name: url_launcher_android
      sha256: e35a698ac302dd68e41f73250bd9517fe3ab5fa4f18fe4647a0872db61bacbab
      url: "https://pub.dev"
    source: hosted
    version: "6.3.10"
  url_launcher_ios:
    dependency: transitive
    description:
      name: url_launcher_ios
      sha256: e43b677296fadce447e987a2f519dcf5f6d1e527dc35d01ffab4fff5b8a7063e
      url: "https://pub.dev"
    source: hosted
    version: "6.3.1"
  url_launcher_linux:
    dependency: transitive
    description:
      name: url_launcher_linux
      sha256: e2b9622b4007f97f504cd64c0128309dfb978ae66adbe944125ed9e1750f06af
      url: "https://pub.dev"
    source: hosted
    version: "3.2.0"
  url_launcher_macos:
    dependency: transitive
    description:
      name: url_launcher_macos
      sha256: "9a1a42d5d2d95400c795b2914c36fdcb525870c752569438e4ebb09a2b5d90de"
      url: "https://pub.dev"
    source: hosted
    version: "3.2.0"
  url_launcher_platform_interface:
    dependency: transitive
    description:
      name: url_launcher_platform_interface
      sha256: "552f8a1e663569be95a8190206a38187b531910283c3e982193e4f2733f01029"
      url: "https://pub.dev"
    source: hosted
    version: "2.3.2"
  url_launcher_web:
    dependency: transitive
    description:
      name: url_launcher_web
      sha256: "772638d3b34c779ede05ba3d38af34657a05ac55b06279ea6edd409e323dca8e"
      url: "https://pub.dev"
    source: hosted
    version: "2.3.3"
  url_launcher_windows:
    dependency: transitive
    description:
      name: url_launcher_windows
      sha256: "49c10f879746271804767cb45551ec5592cdab00ee105c06dddde1a98f73b185"
      url: "https://pub.dev"
    source: hosted
    version: "3.1.2"
  uuid:
    dependency: "direct main"
    description:
      name: uuid
      sha256: "648e103079f7c64a36dc7d39369cabb358d377078a051d6ae2ad3aa539519313"
      url: "https://pub.dev"
    source: hosted
    version: "3.0.7"
  vector_math:
    dependency: transitive
    description:
      name: vector_math
      sha256: "80b3257d1492ce4d091729e3a67a60407d227c27241d6927be0130c98e741803"
      url: "https://pub.dev"
    source: hosted
    version: "2.1.4"
  vm_service:
    dependency: transitive
    description:
      name: vm_service
      sha256: "5c5f338a667b4c644744b661f309fb8080bb94b18a7e91ef1dbd343bed00ed6d"
      url: "https://pub.dev"
    source: hosted
    version: "14.2.5"
  web:
    dependency: transitive
    description:
      name: web
      sha256: d43c1d6b787bf0afad444700ae7f4db8827f701bc61c255ac8d328c6f4d52062
      url: "https://pub.dev"
    source: hosted
    version: "1.0.0"
  webdav_client:
    dependency: "direct main"
    description:
      path: "."
      ref: main
      resolved-ref: f2875f9327dabea1732373fb8b24a71917360f46
      url: "https://github.com/wgh136/webdav_client"
    source: git
    version: "1.2.1"
  win32:
    dependency: transitive
    description:
      name: win32
      sha256: "68d1e89a91ed61ad9c370f9f8b6effed9ae5e0ede22a270bdfa6daf79fc2290a"
      url: "https://pub.dev"
    source: hosted
    version: "5.5.4"
  window_manager:
    dependency: "direct main"
    description:
      name: window_manager
      sha256: ab8b2a7f97543d3db2b506c9d875e637149d48ee0c6a5cb5f5fd6e0dac463792
      url: "https://pub.dev"
    source: hosted
    version: "0.4.2"
  workmanager:
    dependency: "direct main"
    description:
      path: "."
      ref: main
      resolved-ref: b68850768c9adae49472e33b7d4261010783037f
      url: "https://github.com/wgh136/flutter_workmanager"
    source: git
    version: "0.5.1"
  xdg_directories:
    dependency: transitive
    description:
      name: xdg_directories
      sha256: faea9dee56b520b55a566385b84f2e8de55e7496104adada9962e0bd11bcff1d
      url: "https://pub.dev"
    source: hosted
    version: "1.0.4"
  xml:
    dependency: transitive
    description:
      name: xml
      sha256: b015a8ad1c488f66851d762d3090a21c600e479dc75e68328c52774040cf9226
      url: "https://pub.dev"
    source: hosted
    version: "6.5.0"
  zip_flutter:
    dependency: "direct main"
    description:
      path: "."
      ref: "92b7309e"
      resolved-ref: "92b7309e6a50e74f923efecd01ca8698f7422930"
      url: "https://github.com/wgh136/zip_flutter"
    source: git
    version: "0.0.1"
sdks:
  dart: ">=3.5.0 <4.0.0"
  flutter: ">=3.24.0"
